
Microsoft Visual Studio Solution File, Format Version 12.00
# Visual Studio 15
VisualStudioVersion = 15.0.26430.6
MinimumVisualStudioVersion = 10.0.40219.1
Project("{FAE04EC0-301F-11D3-BF4B-00C04F79EFBC}") = "WPFReports", "WPFReports\WPFReports.csproj", "{1947B44B-5FB0-4440-BEC0-ED92D097E6F0}"
EndProject
Project("{2150E333-8FDC-42A3-9474-1A3956D46DE8}") = "Sources", "Sources", "{83CF3658-96A3-4859-BBFB-0CB524991B69}"
	ProjectSection(SolutionItems) = preProject
		..\Sources\PKCode.Scripting.dll = ..\Sources\PKCode.Scripting.dll
		ReadMe.txt = ReadMe.txt
	EndProjectSection
EndProject
Project("{FAE04EC0-301F-11D3-BF4B-00C04F79EFBC}") = "Statistics.Core.Widgets", "..\Statistics.Core.Widgets\Statistics.Core.Widgets.csproj", "{6A76566E-B218-4813-9220-70F416FEA3EC}"
EndProject
Project("{2150E333-8FDC-42A3-9474-1A3956D46DE8}") = "Solution Items", "Solution Items", "{D1E67490-F145-467F-AFBB-06C7BB9EA5CC}"
EndProject
Project("{FAE04EC0-301F-11D3-BF4B-00C04F79EFBC}") = "Statistics.Core.Widgets.Tests", "..\Statistics.Core.Widgets.Tests\Statistics.Core.Widgets.Tests.csproj", "{DB34840C-54CA-45C7-9D97-642C0C73ADD2}"
EndProject
Global
	GlobalSection(SolutionConfigurationPlatforms) = preSolution
		Debug|Any CPU = Debug|Any CPU
		Release|Any CPU = Release|Any CPU
	EndGlobalSection
	GlobalSection(ProjectConfigurationPlatforms) = postSolution
		{1947B44B-5FB0-4440-BEC0-ED92D097E6F0}.Debug|Any CPU.ActiveCfg = Debug|Any CPU
		{1947B44B-5FB0-4440-BEC0-ED92D097E6F0}.Debug|Any CPU.Build.0 = Debug|Any CPU
		{1947B44B-5FB0-4440-BEC0-ED92D097E6F0}.Release|Any CPU.ActiveCfg = Release|Any CPU
		{1947B44B-5FB0-4440-BEC0-ED92D097E6F0}.Release|Any CPU.Build.0 = Release|Any CPU
		{6A76566E-B218-4813-9220-70F416FEA3EC}.Debug|Any CPU.ActiveCfg = Debug|Any CPU
		{6A76566E-B218-4813-9220-70F416FEA3EC}.Debug|Any CPU.Build.0 = Debug|Any CPU
		{6A76566E-B218-4813-9220-70F416FEA3EC}.Release|Any CPU.ActiveCfg = Release|Any CPU
		{6A76566E-B218-4813-9220-70F416FEA3EC}.Release|Any CPU.Build.0 = Release|Any CPU
		{DB34840C-54CA-45C7-9D97-642C0C73ADD2}.Debug|Any CPU.ActiveCfg = Debug|Any CPU
		{DB34840C-54CA-45C7-9D97-642C0C73ADD2}.Debug|Any CPU.Build.0 = Debug|Any CPU
		{DB34840C-54CA-45C7-9D97-642C0C73ADD2}.Release|Any CPU.ActiveCfg = Release|Any CPU
		{DB34840C-54CA-45C7-9D97-642C0C73ADD2}.Release|Any CPU.Build.0 = Release|Any CPU
	EndGlobalSection
	GlobalSection(SolutionProperties) = preSolution
		HideSolutionNode = FALSE
	EndGlobalSection
EndGlobal
